
Microsoft Visual Studio Solution File, Format Version 12.00
# Visual Studio Version 16
VisualStudioVersion = 16.0.31205.134
MinimumVisualStudioVersion = 10.0.40219.1
Project("{9A19103F-16F7-4668-BE54-9A1E7A4F7556}") = "PPE-MediaTek86", "kjhdflkjfhqldksjhn\PPE-MediaTek86.csproj", "{58AF0CE3-9ECE-4F8B-93B9-3A8C67C6201C}"
EndProject
Global
	GlobalSection(SolutionConfigurationPlatforms) = preSolution
		Debug|Any CPU = Debug|Any CPU
		Debug|x64 = Debug|x64
		Release|Any CPU = Release|Any CPU
		Release|x64 = Release|x64
		Test|Any CPU = Test|Any CPU
		Test|x64 = Test|x64
	EndGlobalSection
	GlobalSection(ProjectConfigurationPlatforms) = postSolution
		{58AF0CE3-9ECE-4F8B-93B9-3A8C67C6201C}.Debug|Any CPU.ActiveCfg = Debug|Any CPU
		{58AF0CE3-9ECE-4F8B-93B9-3A8C67C6201C}.Debug|Any CPU.Build.0 = Debug|Any CPU
		{58AF0CE3-9ECE-4F8B-93B9-3A8C67C6201C}.Debug|x64.ActiveCfg = Debug|x64
		{58AF0CE3-9ECE-4F8B-93B9-3A8C67C6201C}.Debug|x64.Build.0 = Debug|x64
		{58AF0CE3-9ECE-4F8B-93B9-3A8C67C6201C}.Release|Any CPU.ActiveCfg = Release|Any CPU
		{58AF0CE3-9ECE-4F8B-93B9-3A8C67C6201C}.Release|Any CPU.Build.0 = Release|Any CPU
		{58AF0CE3-9ECE-4F8B-93B9-3A8C67C6201C}.Release|x64.ActiveCfg = Release|x64
		{58AF0CE3-9ECE-4F8B-93B9-3A8C67C6201C}.Release|x64.Build.0 = Release|x64
		{58AF0CE3-9ECE-4F8B-93B9-3A8C67C6201C}.Test|Any CPU.ActiveCfg = Test|Any CPU
		{58AF0CE3-9ECE-4F8B-93B9-3A8C67C6201C}.Test|Any CPU.Build.0 = Test|Any CPU
		{58AF0CE3-9ECE-4F8B-93B9-3A8C67C6201C}.Test|x64.ActiveCfg = Test|x64
		{58AF0CE3-9ECE-4F8B-93B9-3A8C67C6201C}.Test|x64.Build.0 = Test|x64
	EndGlobalSection
	GlobalSection(SolutionProperties) = preSolution
		HideSolutionNode = FALSE
	EndGlobalSection
	GlobalSection(ExtensibilityGlobals) = postSolution
		SolutionGuid = {9903EA00-5ACC-4738-B082-2F4C7EA75071}
	EndGlobalSection
EndGlobal
